
Microsoft Visual Studio Solution File, Format Version 12.00
# Visual Studio 15
VisualStudioVersion = 15.0.27428.2015
MinimumVisualStudioVersion = 10.0.40219.1
Project("{FAE04EC0-301F-11D3-BF4B-00C04F79EFBC}") = "Model", "Model\Model.csproj", "{29B9709B-64B2-4D67-944C-F54D320E9A3A}"
EndProject
Project("{FAE04EC0-301F-11D3-BF4B-00C04F79EFBC}") = "Repository", "Repository\Repository.csproj", "{2A5A03BD-DA88-4C5C-BDA9-2C9B0EE90081}"
EndProject
Project("{FAE04EC0-301F-11D3-BF4B-00C04F79EFBC}") = "Business", "Business\Business.csproj", "{3E483998-3054-4694-B1D8-9CA7AF410140}"
EndProject
Project("{2150E333-8FDC-42A3-9474-1A3956D46DE8}") = "View", "View", "{541F14B6-6A8D-48F2-9501-274CB6DE33A9}"
EndProject
Project("{FAE04EC0-301F-11D3-BF4B-00C04F79EFBC}") = "Library.Web.App", "Library.UI\Library.Web.App.csproj", "{754FE5A2-15AF-4081-B61F-C3C3D377B1C7}"
EndProject
Project("{FAE04EC0-301F-11D3-BF4B-00C04F79EFBC}") = "Contract", "Contract\Contract.csproj", "{859B1AEC-81F9-47DB-9A8D-11A644A95CED}"
EndProject
Project("{9A19103F-16F7-4668-BE54-9A1E7A4F7556}") = "Library.Web.Api", "Library.WebApi\Library.Web.Api.csproj", "{E0163202-CAE7-4606-B708-195779665B64}"
EndProject
Global
	GlobalSection(SolutionConfigurationPlatforms) = preSolution
		Debug|Any CPU = Debug|Any CPU
		Release|Any CPU = Release|Any CPU
	EndGlobalSection
	GlobalSection(ProjectConfigurationPlatforms) = postSolution
		{29B9709B-64B2-4D67-944C-F54D320E9A3A}.Debug|Any CPU.ActiveCfg = Debug|Any CPU
		{29B9709B-64B2-4D67-944C-F54D320E9A3A}.Debug|Any CPU.Build.0 = Debug|Any CPU
		{29B9709B-64B2-4D67-944C-F54D320E9A3A}.Release|Any CPU.ActiveCfg = Release|Any CPU
		{29B9709B-64B2-4D67-944C-F54D320E9A3A}.Release|Any CPU.Build.0 = Release|Any CPU
		{2A5A03BD-DA88-4C5C-BDA9-2C9B0EE90081}.Debug|Any CPU.ActiveCfg = Debug|Any CPU
		{2A5A03BD-DA88-4C5C-BDA9-2C9B0EE90081}.Debug|Any CPU.Build.0 = Debug|Any CPU
		{2A5A03BD-DA88-4C5C-BDA9-2C9B0EE90081}.Release|Any CPU.ActiveCfg = Release|Any CPU
		{2A5A03BD-DA88-4C5C-BDA9-2C9B0EE90081}.Release|Any CPU.Build.0 = Release|Any CPU
		{3E483998-3054-4694-B1D8-9CA7AF410140}.Debug|Any CPU.ActiveCfg = Debug|Any CPU
		{3E483998-3054-4694-B1D8-9CA7AF410140}.Debug|Any CPU.Build.0 = Debug|Any CPU
		{3E483998-3054-4694-B1D8-9CA7AF410140}.Release|Any CPU.ActiveCfg = Release|Any CPU
		{3E483998-3054-4694-B1D8-9CA7AF410140}.Release|Any CPU.Build.0 = Release|Any CPU
		{754FE5A2-15AF-4081-B61F-C3C3D377B1C7}.Debug|Any CPU.ActiveCfg = Debug|Any CPU
		{754FE5A2-15AF-4081-B61F-C3C3D377B1C7}.Debug|Any CPU.Build.0 = Debug|Any CPU
		{754FE5A2-15AF-4081-B61F-C3C3D377B1C7}.Release|Any CPU.ActiveCfg = Release|Any CPU
		{754FE5A2-15AF-4081-B61F-C3C3D377B1C7}.Release|Any CPU.Build.0 = Release|Any CPU
		{859B1AEC-81F9-47DB-9A8D-11A644A95CED}.Debug|Any CPU.ActiveCfg = Debug|Any CPU
		{859B1AEC-81F9-47DB-9A8D-11A644A95CED}.Debug|Any CPU.Build.0 = Debug|Any CPU
		{859B1AEC-81F9-47DB-9A8D-11A644A95CED}.Release|Any CPU.ActiveCfg = Release|Any CPU
		{859B1AEC-81F9-47DB-9A8D-11A644A95CED}.Release|Any CPU.Build.0 = Release|Any CPU
		{E0163202-CAE7-4606-B708-195779665B64}.Debug|Any CPU.ActiveCfg = Debug|Any CPU
		{E0163202-CAE7-4606-B708-195779665B64}.Debug|Any CPU.Build.0 = Debug|Any CPU
		{E0163202-CAE7-4606-B708-195779665B64}.Release|Any CPU.ActiveCfg = Release|Any CPU
		{E0163202-CAE7-4606-B708-195779665B64}.Release|Any CPU.Build.0 = Release|Any CPU
	EndGlobalSection
	GlobalSection(SolutionProperties) = preSolution
		HideSolutionNode = FALSE
	EndGlobalSection
	GlobalSection(NestedProjects) = preSolution
		{754FE5A2-15AF-4081-B61F-C3C3D377B1C7} = {541F14B6-6A8D-48F2-9501-274CB6DE33A9}
		{E0163202-CAE7-4606-B708-195779665B64} = {541F14B6-6A8D-48F2-9501-274CB6DE33A9}
	EndGlobalSection
	GlobalSection(ExtensibilityGlobals) = postSolution
		SolutionGuid = {DFDE297A-2719-417B-8584-651B6A2F977C}
	EndGlobalSection
EndGlobal
